// !$*UTF8*$!
{
	archiveVersion = 1;
	classes = {
	};
	objectVersion = 77;
	objects = {

/* Begin PBXContainerItemProxy section */
		47AFBAAC2DCA85DD00D80C12 /* PBXContainerItemProxy */ = {
			isa = PBXContainerItemProxy;
			containerPortal = 47AFBA932DCA85DB00D80C12 /* Project object */;
			proxyType = 1;
			remoteGlobalIDString = 47AFBA9A2DCA85DB00D80C12;
			remoteInfo = "Smart Rover Controller";
		};
		47AFBAB62DCA85DD00D80C12 /* PBXContainerItemProxy */ = {
			isa = PBXContainerItemProxy;
			containerPortal = 47AFBA932DCA85DB00D80C12 /* Project object */;
			proxyType = 1;
			remoteGlobalIDString = 47AFBA9A2DCA85DB00D80C12;
			remoteInfo = "Smart Rover Controller";
		};
/* End PBXContainerItemProxy section */

/* Begin PBXFileReference section */
		47AFBA9B2DCA85DB00D80C12 /* Smart Rover Controller.app */ = {isa = PBXFileReference; explicitFileType = wrapper.application; includeInIndex = 0; path = "Smart Rover Controller.app"; sourceTree = BUILT_PRODUCTS_DIR; };
		47AFBAAB2DCA85DD00D80C12 /* Smart Rover ControllerTests.xctest */ = {isa = PBXFileReference; explicitFileType = wrapper.cfbundle; includeInIndex = 0; path = "Smart Rover ControllerTests.xctest"; sourceTree = BUILT_PRODUCTS_DIR; };
		47AFBAB52DCA85DD00D80C12 /* Smart Rover ControllerUITests.xctest */ = {isa = PBXFileReference; explicitFileType = wrapper.cfbundle; includeInIndex = 0; path = "Smart Rover ControllerUITests.xctest"; sourceTree = BUILT_PRODUCTS_DIR; };
/* End PBXFileReference section */

/* Begin PBXFileSystemSynchronizedRootGroup section */
		47AFBA9D2DCA85DB00D80C12 /* Smart Rover Controller */ = {
			isa = PBXFileSystemSynchronizedRootGroup;
			path = "Smart Rover Controller";
			sourceTree = "<group>";
		};
		47AFBAAE2DCA85DD00D80C12 /* Smart Rover ControllerTests */ = {
			isa = PBXFileSystemSynchronizedRootGroup;
			path = "Smart Rover ControllerTests";
			sourceTree = "<group>";
		};
		47AFBAB82DCA85DD00D80C12 /* Smart Rover ControllerUITests */ = {
			isa = PBXFileSystemSynchronizedRootGroup;
			path = "Smart Rover ControllerUITests";
			sourceTree = "<group>";
		};
/* End PBXFileSystemSynchronizedRootGroup section */

/* Begin PBXFrameworksBuildPhase section */
		47AFBA982DCA85DB00D80C12 /* Frameworks */ = {
			isa = PBXFrameworksBuildPhase;
			buildActionMask = 2147483647;
			files = (
			);
			runOnlyForDeploymentPostprocessing = 0;
		};
		47AFBAA82DCA85DD00D80C12 /* Frameworks */ = {
			isa = PBXFrameworksBuildPhase;
			buildActionMask = 2147483647;
			files = (
			);
			runOnlyForDeploymentPostprocessing = 0;
		};
		47AFBAB22DCA85DD00D80C12 /* Frameworks */ = {
			isa = PBXFrameworksBuildPhase;
			buildActionMask = 2147483647;
			files = (
			);
			runOnlyForDeploymentPostprocessing = 0;
		};
/* End PBXFrameworksBuildPhase section */

/* Begin PBXGroup section */
		47AFBA922DCA85DB00D80C12 = {
			isa = PBXGroup;
			children = (
				47AFBA9D2DCA85DB00D80C12 /* Smart Rover Controller */,
				47AFBAAE2DCA85DD00D80C12 /* Smart Rover ControllerTests */,
				47AFBAB82DCA85DD00D80C12 /* Smart Rover ControllerUITests */,
				47AFBA9C2DCA85DB00D80C12 /* Products */,
			);
			sourceTree = "<group>";
		};
		47AFBA9C2DCA85DB00D80C12 /* Products */ = {
			isa = PBXGroup;
			children = (
				47AFBA9B2DCA85DB00D80C12 /* Smart Rover Controller.app */,
				47AFBAAB2DCA85DD00D80C12 /* Smart Rover ControllerTests.xctest */,
				47AFBAB52DCA85DD00D80C12 /* Smart Rover ControllerUITests.xctest */,
			);
			name = Products;
			sourceTree = "<group>";
		};
/* End PBXGroup section */

/* Begin PBXNativeTarget section */
		47AFBA9A2DCA85DB00D80C12 /* Smart Rover Controller */ = {
			isa = PBXNativeTarget;
			buildConfigurationList = 47AFBABF2DCA85DD00D80C12 /* Build configuration list for PBXNativeTarget "Smart Rover Controller" */;
			buildPhases = (
				47AFBA972DCA85DB00D80C12 /* Sources */,
				47AFBA982DCA85DB00D80C12 /* Frameworks */,
				47AFBA992DCA85DB00D80C12 /* Resources */,
			);
			buildRules = (
			);
			dependencies = (
			);
			fileSystemSynchronizedGroups = (
				47AFBA9D2DCA85DB00D80C12 /* Smart Rover Controller */,
			);
			name = "Smart Rover Controller";
			packageProductDependencies = (
			);
			productName = "Smart Rover Controller";
			productReference = 47AFBA9B2DCA85DB00D80C12 /* Smart Rover Controller.app */;
			productType = "com.apple.product-type.application";
		};
		47AFBAAA2DCA85DD00D80C12 /* Smart Rover ControllerTests */ = {
			isa = PBXNativeTarget;
			buildConfigurationList = 47AFBAC22DCA85DD00D80C12 /* Build configuration list for PBXNativeTarget "Smart Rover ControllerTests" */;
			buildPhases = (
				47AFBAA72DCA85DD00D80C12 /* Sources */,
				47AFBAA82DCA85DD00D80C12 /* Frameworks */,
				47AFBAA92DCA85DD00D80C12 /* Resources */,
			);
			buildRules = (
			);
			dependencies = (
				47AFBAAD2DCA85DD00D80C12 /* PBXTargetDependency */,
			);
			fileSystemSynchronizedGroups = (
				47AFBAAE2DCA85DD00D80C12 /* Smart Rover ControllerTests */,
			);
			name = "Smart Rover ControllerTests";
			packageProductDependencies = (
			);
			productName = "Smart Rover ControllerTests";
			productReference = 47AFBAAB2DCA85DD00D80C12 /* Smart Rover ControllerTests.xctest */;
			productType = "com.apple.product-type.bundle.unit-test";
		};
		47AFBAB42DCA85DD00D80C12 /* Smart Rover ControllerUITests */ = {
			isa = PBXNativeTarget;
			buildConfigurationList = 47AFBAC52DCA85DD00D80C12 /* Build configuration list for PBXNativeTarget "Smart Rover ControllerUITests" */;
			buildPhases = (
				47AFBAB12DCA85DD00D80C12 /* Sources */,
				47AFBAB22DCA85DD00D80C12 /* Frameworks */,
				47AFBAB32DCA85DD00D80C12 /* Resources */,
			);
			buildRules = (
			);
			dependencies = (
				47AFBAB72DCA85DD00D80C12 /* PBXTargetDependency */,
			);
			fileSystemSynchronizedGroups = (
				47AFBAB82DCA85DD00D80C12 /* Smart Rover ControllerUITests */,
			);
			name = "Smart Rover ControllerUITests";
			packageProductDependencies = (
			);
			productName = "Smart Rover ControllerUITests";
			productReference = 47AFBAB52DCA85DD00D80C12 /* Smart Rover ControllerUITests.xctest */;
			productType = "com.apple.product-type.bundle.ui-testing";
		};
/* End PBXNativeTarget section */

/* Begin PBXProject section */
		47AFBA932DCA85DB00D80C12 /* Project object */ = {
			isa = PBXProject;
			attributes = {
				BuildIndependentTargetsInParallel = 1;
				LastSwiftUpdateCheck = 1620;
				LastUpgradeCheck = 1620;
				TargetAttributes = {
					47AFBA9A2DCA85DB00D80C12 = {
						CreatedOnToolsVersion = 16.2;
					};
					47AFBAAA2DCA85DD00D80C12 = {
						CreatedOnToolsVersion = 16.2;
						TestTargetID = 47AFBA9A2DCA85DB00D80C12;
					};
					47AFBAB42DCA85DD00D80C12 = {
						CreatedOnToolsVersion = 16.2;
						TestTargetID = 47AFBA9A2DCA85DB00D80C12;
					};
				};
			};
			buildConfigurationList = 47AFBA962DCA85DB00D80C12 /* Build configuration list for PBXProject "Smart Rover Controller" */;
			developmentRegion = en;
			hasScannedForEncodings = 0;
			knownRegions = (
				en,
				Base,
			);
			mainGroup = 47AFBA922DCA85DB00D80C12;
			minimizedProjectReferenceProxies = 1;
			preferredProjectObjectVersion = 77;
			productRefGroup = 47AFBA9C2DCA85DB00D80C12 /* Products */;
			projectDirPath = "";
			projectRoot = "";
			targets = (
				47AFBA9A2DCA85DB00D80C12 /* Smart Rover Controller */,
				47AFBAAA2DCA85DD00D80C12 /* Smart Rover ControllerTests */,
				47AFBAB42DCA85DD00D80C12 /* Smart Rover ControllerUITests */,
			);
		};
/* End PBXProject section */

/* Begin PBXResourcesBuildPhase section */
		47AFBA992DCA85DB00D80C12 /* Resources */ = {
			isa = PBXResourcesBuildPhase;
			buildActionMask = 2147483647;
			files = (
			);
			runOnlyForDeploymentPostprocessing = 0;
		};
		47AFBAA92DCA85DD00D80C12 /* Resources */ = {
			isa = PBXResourcesBuildPhase;
			buildActionMask = 2147483647;
			files = (
			);
			runOnlyForDeploymentPostprocessing = 0;
		};
		47AFBAB32DCA85DD00D80C12 /* Resources */ = {
			isa = PBXResourcesBuildPhase;
			buildActionMask = 2147483647;
			files = (
			);
			runOnlyForDeploymentPostprocessing = 0;
		};
/* End PBXResourcesBuildPhase section */

/* Begin PBXSourcesBuildPhase section */
		47AFBA972DCA85DB00D80C12 /* Sources */ = {
			isa = PBXSourcesBuildPhase;
			buildActionMask = 2147483647;
			files = (
			);
			runOnlyForDeploymentPostprocessing = 0;
		};
		47AFBAA72DCA85DD00D80C12 /* Sources */ = {
			isa = PBXSourcesBuildPhase;
			buildActionMask = 2147483647;
			files = (
			);
			runOnlyForDeploymentPostprocessing = 0;
		};
		47AFBAB12DCA85DD00D80C12 /* Sources */ = {
			isa = PBXSourcesBuildPhase;
			buildActionMask = 2147483647;
			files = (
			);
			runOnlyForDeploymentPostprocessing = 0;
		};
/* End PBXSourcesBuildPhase section */

/* Begin PBXTargetDependency section */
		47AFBAAD2DCA85DD00D80C12 /* PBXTargetDependency */ = {
			isa = PBXTargetDependency;
			target = 47AFBA9A2DCA85DB00D80C12 /* Smart Rover Controller */;
			targetProxy = 47AFBAAC2DCA85DD00D80C12 /* PBXContainerItemProxy */;
		};
		47AFBAB72DCA85DD00D80C12 /* PBXTargetDependency */ = {
			isa = PBXTargetDependency;
			target = 47AFBA9A2DCA85DB00D80C12 /* Smart Rover Controller */;
			targetProxy = 47AFBAB62DCA85DD00D80C12 /* PBXContainerItemProxy */;
		};
/* End PBXTargetDependency section */

/* Begin XCBuildConfiguration section */
		47AFBABD2DCA85DD00D80C12 /* Debug */ = {
			isa = XCBuildConfiguration;
			buildSettings = {
				ALWAYS_SEARCH_USER_PATHS = NO;
				ASSETCATALOG_COMPILER_GENERATE_SWIFT_ASSET_SYMBOL_EXTENSIONS = YES;
				CLANG_ANALYZER_NONNULL = YES;
				CLANG_ANALYZER_NUMBER_OBJECT_CONVERSION = YES_AGGRESSIVE;
				CLANG_CXX_LANGUAGE_STANDARD = "gnu++20";
				CLANG_ENABLE_MODULES = YES;
				CLANG_ENABLE_OBJC_ARC = YES;
				CLANG_ENABLE_OBJC_WEAK = YES;
				CLANG_WARN_BLOCK_CAPTURE_AUTORELEASING = YES;
				CLANG_WARN_BOOL_CONVERSION = YES;
				CLANG_WARN_COMMA = YES;
				CLANG_WARN_CONSTANT_CONVERSION = YES;
				CLANG_WARN_DEPRECATED_OBJC_IMPLEMENTATIONS = YES;
				CLANG_WARN_DIRECT_OBJC_ISA_USAGE = YES_ERROR;
				CLANG_WARN_DOCUMENTATION_COMMENTS = YES;
				CLANG_WARN_EMPTY_BODY = YES;
				CLANG_WARN_ENUM_CONVERSION = YES;
				CLANG_WARN_INFINITE_RECURSION = YES;
				CLANG_WARN_INT_CONVERSION = YES;
				CLANG_WARN_NON_LITERAL_NULL_CONVERSION = YES;
				CLANG_WARN_OBJC_IMPLICIT_RETAIN_SELF = YES;
				CLANG_WARN_OBJC_LITERAL_CONVERSION = YES;
				CLANG_WARN_OBJC_ROOT_CLASS = YES_ERROR;
				CLANG_WARN_QUOTED_INCLUDE_IN_FRAMEWORK_HEADER = YES;
				CLANG_WARN_RANGE_LOOP_ANALYSIS = YES;
				CLANG_WARN_STRICT_PROTOTYPES = YES;
				CLANG_WARN_SUSPICIOUS_MOVE = YES;
				CLANG_WARN_UNGUARDED_AVAILABILITY = YES_AGGRESSIVE;
				CLANG_WARN_UNREACHABLE_CODE = YES;
				CLANG_WARN__DUPLICATE_METHOD_MATCH = YES;
				COPY_PHASE_STRIP = NO;
				DEBUG_INFORMATION_FORMAT = dwarf;
				ENABLE_STRICT_OBJC_MSGSEND = YES;
				ENABLE_TESTABILITY = YES;
				ENABLE_USER_SCRIPT_SANDBOXING = YES;
				GCC_C_LANGUAGE_STANDARD = gnu17;
				GCC_DYNAMIC_NO_PIC = NO;
				GCC_NO_COMMON_BLOCKS = YES;
				GCC_OPTIMIZATION_LEVEL = 0;
				GCC_PREPROCESSOR_DEFINITIONS = (
					"DEBUG=1",
					"$(inherited)",
				);
				GCC_WARN_64_TO_32_BIT_CONVERSION = YES;
				GCC_WARN_ABOUT_RETURN_TYPE = YES_ERROR;
				GCC_WARN_UNDECLARED_SELECTOR = YES;
				GCC_WARN_UNINITIALIZED_AUTOS = YES_AGGRESSIVE;
				GCC_WARN_UNUSED_FUNCTION = YES;
				GCC_WARN_UNUSED_VARIABLE = YES;
				IPHONEOS_DEPLOYMENT_TARGET = 18.2;
				LOCALIZATION_PREFERS_STRING_CATALOGS = YES;
				MTL_ENABLE_DEBUG_INFO = INCLUDE_SOURCE;
				MTL_FAST_MATH = YES;
				ONLY_ACTIVE_ARCH = YES;
				SDKROOT = iphoneos;
				SWIFT_ACTIVE_COMPILATION_CONDITIONS = "DEBUG $(inherited)";
				SWIFT_OPTIMIZATION_LEVEL = "-Onone";
			};
			name = Debug;
		};
		47AFBABE2DCA85DD00D80C12 /* Release */ = {
			isa = XCBuildConfiguration;
			buildSettings = {
				ALWAYS_SEARCH_USER_PATHS = NO;
				ASSETCATALOG_COMPILER_GENERATE_SWIFT_ASSET_SYMBOL_EXTENSIONS = YES;
				CLANG_ANALYZER_NONNULL = YES;
				CLANG_ANALYZER_NUMBER_OBJECT_CONVERSION = YES_AGGRESSIVE;
				CLANG_CXX_LANGUAGE_STANDARD = "gnu++20";
				CLANG_ENABLE_MODULES = YES;
				CLANG_ENABLE_OBJC_ARC = YES;
				CLANG_ENABLE_OBJC_WEAK = YES;
				CLANG_WARN_BLOCK_CAPTURE_AUTORELEASING = YES;
				CLANG_WARN_BOOL_CONVERSION = YES;
				CLANG_WARN_COMMA = YES;
				CLANG_WARN_CONSTANT_CONVERSION = YES;
				CLANG_WARN_DEPRECATED_OBJC_IMPLEMENTATIONS = YES;
				CLANG_WARN_DIRECT_OBJC_ISA_USAGE = YES_ERROR;
				CLANG_WARN_DOCUMENTATION_COMMENTS = YES;
				CLANG_WARN_EMPTY_BODY = YES;
				CLANG_WARN_ENUM_CONVERSION = YES;
				CLANG_WARN_INFINITE_RECURSION = YES;
				CLANG_WARN_INT_CONVERSION = YES;
				CLANG_WARN_NON_LITERAL_NULL_CONVERSION = YES;
				CLANG_WARN_OBJC_IMPLICIT_RETAIN_SELF = YES;
				CLANG_WARN_OBJC_LITERAL_CONVERSION = YES;
				CLANG_WARN_OBJC_ROOT_CLASS = YES_ERROR;
				CLANG_WARN_QUOTED_INCLUDE_IN_FRAMEWORK_HEADER = YES;
				CLANG_WARN_RANGE_LOOP_ANALYSIS = YES;
				CLANG_WARN_STRICT_PROTOTYPES = YES;
				CLANG_WARN_SUSPICIOUS_MOVE = YES;
				CLANG_WARN_UNGUARDED_AVAILABILITY = YES_AGGRESSIVE;
				CLANG_WARN_UNREACHABLE_CODE = YES;
				CLANG_WARN__DUPLICATE_METHOD_MATCH = YES;
				COPY_PHASE_STRIP = NO;
				DEBUG_INFORMATION_FORMAT = "dwarf-with-dsym";
				ENABLE_NS_ASSERTIONS = NO;
				ENABLE_STRICT_OBJC_MSGSEND = YES;
				ENABLE_USER_SCRIPT_SANDBOXING = YES;
				GCC_C_LANGUAGE_STANDARD = gnu17;
				GCC_NO_COMMON_BLOCKS = YES;
				GCC_WARN_64_TO_32_BIT_CONVERSION = YES;
				GCC_WARN_ABOUT_RETURN_TYPE = YES_ERROR;
				GCC_WARN_UNDECLARED_SELECTOR = YES;
				GCC_WARN_UNINITIALIZED_AUTOS = YES_AGGRESSIVE;
				GCC_WARN_UNUSED_FUNCTION = YES;
				GCC_WARN_UNUSED_VARIABLE = YES;
				IPHONEOS_DEPLOYMENT_TARGET = 18.2;
				LOCALIZATION_PREFERS_STRING_CATALOGS = YES;
				MTL_ENABLE_DEBUG_INFO = NO;
				MTL_FAST_MATH = YES;
				SDKROOT = iphoneos;
				SWIFT_COMPILATION_MODE = wholemodule;
				VALIDATE_PRODUCT = YES;
			};
			name = Release;
		};
		47AFBAC02DCA85DD00D80C12 /* Debug */ = {
			isa = XCBuildConfiguration;
			buildSettings = {
				ASSETCATALOG_COMPILER_APPICON_NAME = AppIcon;
				ASSETCATALOG_COMPILER_GLOBAL_ACCENT_COLOR_NAME = AccentColor;
				CODE_SIGN_STYLE = Automatic;
				CURRENT_PROJECT_VERSION = 1;
				DEVELOPMENT_ASSET_PATHS = "\"Smart Rover Controller/Preview Content\"";
				DEVELOPMENT_TEAM = FKXLSC77G3;
				ENABLE_PREVIEWS = YES;
				GENERATE_INFOPLIST_FILE = YES;
				INFOPLIST_KEY_UIApplicationSceneManifest_Generation = YES;
				INFOPLIST_KEY_UIApplicationSupportsIndirectInputEvents = YES;
				INFOPLIST_KEY_UILaunchScreen_Generation = YES;
				INFOPLIST_KEY_UISupportedInterfaceOrientations = "UIInterfaceOrientationLandscapeLeft UIInterfaceOrientationLandscapeRight";
				INFOPLIST_KEY_UISupportedInterfaceOrientations_iPad = "UIInterfaceOrientationLandscapeLeft UIInterfaceOrientationLandscapeRight UIInterfaceOrientationPortrait UIInterfaceOrientationPortraitUpsideDown";
				LD_RUNPATH_SEARCH_PATHS = (
					"$(inherited)",
					"@executable_path/Frameworks",
				);
				MARKETING_VERSION = 1.0;
				PRODUCT_BUNDLE_IDENTIFIER = "MoutazBaaj.Smart-Rover-Controller";
				PRODUCT_NAME = "$(TARGET_NAME)";
				SWIFT_EMIT_LOC_STRINGS = YES;
				SWIFT_VERSION = 5.0;
				TARGETED_DEVICE_FAMILY = "1,2";
			};
			name = Debug;
		};
		47AFBAC12DCA85DD00D80C12 /* Release */ = {
			isa = XCBuildConfiguration;
			buildSettings = {
				ASSETCATALOG_COMPILER_APPICON_NAME = AppIcon;
				ASSETCATALOG_COMPILER_GLOBAL_ACCENT_COLOR_NAME = AccentColor;
				CODE_SIGN_STYLE = Automatic;
				CURRENT_PROJECT_VERSION = 1;
				DEVELOPMENT_ASSET_PATHS = "\"Smart Rover Controller/Preview Content\"";
				DEVELOPMENT_TEAM = FKXLSC77G3;
				ENABLE_PREVIEWS = YES;
				GENERATE_INFOPLIST_FILE = YES;
				INFOPLIST_KEY_UIApplicationSceneManifest_Generation = YES;
				INFOPLIST_KEY_UIApplicationSupportsIndirectInputEvents = YES;
				INFOPLIST_KEY_UILaunchScreen_Generation = YES;
				INFOPLIST_KEY_UISupportedInterfaceOrientations = "UIInterfaceOrientationLandscapeLeft UIInterfaceOrientationLandscapeRight";
				INFOPLIST_KEY_UISupportedInterfaceOrientations_iPad = "UIInterfaceOrientationLandscapeLeft UIInterfaceOrientationLandscapeRight UIInterfaceOrientationPortrait UIInterfaceOrientationPortraitUpsideDown";
				LD_RUNPATH_SEARCH_PATHS = (
					"$(inherited)",
					"@executable_path/Frameworks",
				);
				MARKETING_VERSION = 1.0;
				PRODUCT_BUNDLE_IDENTIFIER = "MoutazBaaj.Smart-Rover-Controller";
				PRODUCT_NAME = "$(TARGET_NAME)";
				SWIFT_EMIT_LOC_STRINGS = YES;
				SWIFT_VERSION = 5.0;
				TARGETED_DEVICE_FAMILY = "1,2";
			};
			name = Release;
		};
		47AFBAC32DCA85DD00D80C12 /* Debug */ = {
			isa = XCBuildConfiguration;
			buildSettings = {
				BUNDLE_LOADER = "$(TEST_HOST)";
				CODE_SIGN_STYLE = Automatic;
				CURRENT_PROJECT_VERSION = 1;
				DEVELOPMENT_TEAM = FKXLSC77G3;
				GENERATE_INFOPLIST_FILE = YES;
				IPHONEOS_DEPLOYMENT_TARGET = 18.2;
				MARKETING_VERSION = 1.0;
				PRODUCT_BUNDLE_IDENTIFIER = "MoutazBaaj.Smart-Rover-ControllerTests";
				PRODUCT_NAME = "$(TARGET_NAME)";
				SWIFT_EMIT_LOC_STRINGS = NO;
				SWIFT_VERSION = 5.0;
				TARGETED_DEVICE_FAMILY = "1,2";
				TEST_HOST = "$(BUILT_PRODUCTS_DIR)/Smart Rover Controller.app/$(BUNDLE_EXECUTABLE_FOLDER_PATH)/Smart Rover Controller";
			};
			name = Debug;
		};
		47AFBAC42DCA85DD00D80C12 /* Release */ = {
			isa = XCBuildConfiguration;
			buildSettings = {
				BUNDLE_LOADER = "$(TEST_HOST)";
				CODE_SIGN_STYLE = Automatic;
				CURRENT_PROJECT_VERSION = 1;
				DEVELOPMENT_TEAM = FKXLSC77G3;
				GENERATE_INFOPLIST_FILE = YES;
				IPHONEOS_DEPLOYMENT_TARGET = 18.2;
				MARKETING_VERSION = 1.0;
				PRODUCT_BUNDLE_IDENTIFIER = "MoutazBaaj.Smart-Rover-ControllerTests";
				PRODUCT_NAME = "$(TARGET_NAME)";
				SWIFT_EMIT_LOC_STRINGS = NO;
				SWIFT_VERSION = 5.0;
				TARGETED_DEVICE_FAMILY = "1,2";
				TEST_HOST = "$(BUILT_PRODUCTS_DIR)/Smart Rover Controller.app/$(BUNDLE_EXECUTABLE_FOLDER_PATH)/Smart Rover Controller";
			};
			name = Release;
		};
		47AFBAC62DCA85DD00D80C12 /* Debug */ = {
			isa = XCBuildConfiguration;
			buildSettings = {
				CODE_SIGN_STYLE = Automatic;
				CURRENT_PROJECT_VERSION = 1;
				DEVELOPMENT_TEAM = FKXLSC77G3;
				GENERATE_INFOPLIST_FILE = YES;
				MARKETING_VERSION = 1.0;
				PRODUCT_BUNDLE_IDENTIFIER = "MoutazBaaj.Smart-Rover-ControllerUITests";
				PRODUCT_NAME = "$(TARGET_NAME)";
				SWIFT_EMIT_LOC_STRINGS = NO;
				SWIFT_VERSION = 5.0;
				TARGETED_DEVICE_FAMILY = "1,2";
				TEST_TARGET_NAME = "Smart Rover Controller";
			};
			name = Debug;
		};
		47AFBAC72DCA85DD00D80C12 /* Release */ = {
			isa = XCBuildConfiguration;
			buildSettings = {
				CODE_SIGN_STYLE = Automatic;
				CURRENT_PROJECT_VERSION = 1;
				DEVELOPMENT_TEAM = FKXLSC77G3;
				GENERATE_INFOPLIST_FILE = YES;
				MARKETING_VERSION = 1.0;
				PRODUCT_BUNDLE_IDENTIFIER = "MoutazBaaj.Smart-Rover-ControllerUITests";
				PRODUCT_NAME = "$(TARGET_NAME)";
				SWIFT_EMIT_LOC_STRINGS = NO;
				SWIFT_VERSION = 5.0;
				TARGETED_DEVICE_FAMILY = "1,2";
				TEST_TARGET_NAME = "Smart Rover Controller";
			};
			name = Release;
		};
/* End XCBuildConfiguration section */

/* Begin XCConfigurationList section */
		47AFBA962DCA85DB00D80C12 /* Build configuration list for PBXProject "Smart Rover Controller" */ = {
			isa = XCConfigurationList;
			buildConfigurations = (
				47AFBABD2DCA85DD00D80C12 /* Debug */,
				47AFBABE2DCA85DD00D80C12 /* Release */,
			);
			defaultConfigurationIsVisible = 0;
			defaultConfigurationName = Release;
		};
		47AFBABF2DCA85DD00D80C12 /* Build configuration list for PBXNativeTarget "Smart Rover Controller" */ = {
			isa = XCConfigurationList;
			buildConfigurations = (
				47AFBAC02DCA85DD00D80C12 /* Debug */,
				47AFBAC12DCA85DD00D80C12 /* Release */,
			);
			defaultConfigurationIsVisible = 0;
			defaultConfigurationName = Release;
		};
		47AFBAC22DCA85DD00D80C12 /* Build configuration list for PBXNativeTarget "Smart Rover ControllerTests" */ = {
			isa = XCConfigurationList;
			buildConfigurations = (
				47AFBAC32DCA85DD00D80C12 /* Debug */,
				47AFBAC42DCA85DD00D80C12 /* Release */,
			);
			defaultConfigurationIsVisible = 0;
			defaultConfigurationName = Release;
		};
		47AFBAC52DCA85DD00D80C12 /* Build configuration list for PBXNativeTarget "Smart Rover ControllerUITests" */ = {
			isa = XCConfigurationList;
			buildConfigurations = (
				47AFBAC62DCA85DD00D80C12 /* Debug */,
				47AFBAC72DCA85DD00D80C12 /* Release */,
			);
			defaultConfigurationIsVisible = 0;
			defaultConfigurationName = Release;
		};
/* End XCConfigurationList section */
	};
	rootObject = 47AFBA932DCA85DB00D80C12 /* Project object */;
}
